
Microsoft Visual Studio Solution File, Format Version 12.00
# Visual Studio Version 17
VisualStudioVersion = 17.9.34701.34
MinimumVisualStudioVersion = 10.0.40219.1
Project("{FAE04EC0-301F-11D3-BF4B-00C04F79EFBC}") = "Ejer21", "Ejer21.csproj", "{2AD273ED-FBF0-4F6E-9B56-7F80A8685FD1}"
EndProject
Global
	GlobalSection(SolutionConfigurationPlatforms) = preSolution
		Debug|Any CPU = Debug|Any CPU
		Release|Any CPU = Release|Any CPU
	EndGlobalSection
	GlobalSection(ProjectConfigurationPlatforms) = postSolution
		{2AD273ED-FBF0-4F6E-9B56-7F80A8685FD1}.Debug|Any CPU.ActiveCfg = Debug|Any CPU
		{2AD273ED-FBF0-4F6E-9B56-7F80A8685FD1}.Debug|Any CPU.Build.0 = Debug|Any CPU
		{2AD273ED-FBF0-4F6E-9B56-7F80A8685FD1}.Release|Any CPU.ActiveCfg = Release|Any CPU
		{2AD273ED-FBF0-4F6E-9B56-7F80A8685FD1}.Release|Any CPU.Build.0 = Release|Any CPU
	EndGlobalSection
	GlobalSection(SolutionProperties) = preSolution
		HideSolutionNode = FALSE
	EndGlobalSection
	GlobalSection(ExtensibilityGlobals) = postSolution
		SolutionGuid = {EC791E73-467C-4596-9BB4-1A24683FD803}
	EndGlobalSection
EndGlobal
